
Microsoft Visual Studio Solution File, Format Version 12.00
# Visual Studio 2013
VisualStudioVersion = 12.0.31101.0
MinimumVisualStudioVersion = 10.0.40219.1
Project("{FAE04EC0-301F-11D3-BF4B-00C04F79EFBC}") = "Orleans.StorageProvider.DocumentDB", "Orleans.StorageProvider.DocumentDB\Orleans.StorageProvider.DocumentDB.csproj", "{02BD55CB-2F1C-42ED-A782-AA11E2060423}"
EndProject
Project("{FAE04EC0-301F-11D3-BF4B-00C04F79EFBC}") = "Test.Interfaces", "Test.Interfaces\Test.Interfaces.csproj", "{08EE195C-5936-42DE-A667-2A8DED9B281D}"
EndProject
Project("{FAE04EC0-301F-11D3-BF4B-00C04F79EFBC}") = "Test.Implementation", "Test.Implementation\Test.Implementation.csproj", "{09334D17-203E-455D-B6B2-36138F51044E}"
EndProject
Project("{FAE04EC0-301F-11D3-BF4B-00C04F79EFBC}") = "Test.SiloHost", "Test.SiloHost\Test.SiloHost.csproj", "{F5769F97-DC1C-4F26-A519-992919454C50}"
EndProject
Global
	GlobalSection(SolutionConfigurationPlatforms) = preSolution
		Debug|Any CPU = Debug|Any CPU
		Release|Any CPU = Release|Any CPU
	EndGlobalSection
	GlobalSection(ProjectConfigurationPlatforms) = postSolution
		{02BD55CB-2F1C-42ED-A782-AA11E2060423}.Debug|Any CPU.ActiveCfg = Debug|Any CPU
		{02BD55CB-2F1C-42ED-A782-AA11E2060423}.Debug|Any CPU.Build.0 = Debug|Any CPU
		{02BD55CB-2F1C-42ED-A782-AA11E2060423}.Release|Any CPU.ActiveCfg = Release|Any CPU
		{02BD55CB-2F1C-42ED-A782-AA11E2060423}.Release|Any CPU.Build.0 = Release|Any CPU
		{08EE195C-5936-42DE-A667-2A8DED9B281D}.Debug|Any CPU.ActiveCfg = Debug|Any CPU
		{08EE195C-5936-42DE-A667-2A8DED9B281D}.Debug|Any CPU.Build.0 = Debug|Any CPU
		{08EE195C-5936-42DE-A667-2A8DED9B281D}.Release|Any CPU.ActiveCfg = Release|Any CPU
		{08EE195C-5936-42DE-A667-2A8DED9B281D}.Release|Any CPU.Build.0 = Release|Any CPU
		{09334D17-203E-455D-B6B2-36138F51044E}.Debug|Any CPU.ActiveCfg = Debug|Any CPU
		{09334D17-203E-455D-B6B2-36138F51044E}.Debug|Any CPU.Build.0 = Debug|Any CPU
		{09334D17-203E-455D-B6B2-36138F51044E}.Release|Any CPU.ActiveCfg = Release|Any CPU
		{09334D17-203E-455D-B6B2-36138F51044E}.Release|Any CPU.Build.0 = Release|Any CPU
		{F5769F97-DC1C-4F26-A519-992919454C50}.Debug|Any CPU.ActiveCfg = Debug|Any CPU
		{F5769F97-DC1C-4F26-A519-992919454C50}.Debug|Any CPU.Build.0 = Debug|Any CPU
		{F5769F97-DC1C-4F26-A519-992919454C50}.Release|Any CPU.ActiveCfg = Release|Any CPU
		{F5769F97-DC1C-4F26-A519-992919454C50}.Release|Any CPU.Build.0 = Release|Any CPU
	EndGlobalSection
	GlobalSection(SolutionProperties) = preSolution
		HideSolutionNode = FALSE
	EndGlobalSection
EndGlobal
